{
  "name": "ana-base",
  "lockfileVersion": 3,
  "requires": true,
  "packages": {
    "": {
      "name": "ana-base",
      "dependencies": {
        "@tykimos/noderel": "github:tykimos/NodeRel#2a1e84987449c0dde5fb7506bacf08cb4fa63372",
        "modern-screenshot": "^4.7.0"
      },
      "engines": {
        "node": ">=24.13.1"
      }
    },
    "node_modules/@tykimos/noderel": {
      "version": "0.1.0",
      "resolved": "git+https://github.com/tykimos/NodeRel.git#2a1e84987449c0dde5fb7506bacf08cb4fa63372",
      "integrity": "sha512-vevqxDF2LbhFtsNSi/qqwQKswaxHrVo9GZ+aFmY8/CXtEAIMbtiunVj1oCGOxUMuwfkduhihmmkTHYJ1yLni4g==",
      "license": "UNLICENSED",
      "engines": {
        "node": ">=24.13.1"
      }
    },
    "node_modules/modern-screenshot": {
      "version": "4.7.0",
      "resolved": "https://registry.npmjs.org/modern-screenshot/-/modern-screenshot-4.7.0.tgz",
      "integrity": "sha512-9YxN+ddPSMMlhylOv25VHzXrl9u67QRxoh7+SEewGtgUw7t6hHTrjptSDJUSne9oG4Xk/h2cwG15nIt4Hc9ujg==",
      "license": "MIT"
    }
  }
}
